
Microsoft Visual Studio Solution File, Format Version 12.00
# Visual Studio Version 17
VisualStudioVersion = 17.11.35327.3
MinimumVisualStudioVersion = 10.0.40219.1
Project("{FAE04EC0-301F-11D3-BF4B-00C04F79EFBC}") = "WindowsForms", "WindowsForms\WindowsForms.csproj", "{48006141-0F58-4A48-98C0-9792101A5883}"
EndProject
Project("{FAE04EC0-301F-11D3-BF4B-00C04F79EFBC}") = "WindowsFormsBiblioteca", "WindowsFormsBiblioteca\WindowsFormsBiblioteca.csproj", "{22CA4591-5FC5-4467-89ED-61929CD9E105}"
EndProject
Global
	GlobalSection(SolutionConfigurationPlatforms) = preSolution
		Debug|Any CPU = Debug|Any CPU
		Release|Any CPU = Release|Any CPU
	EndGlobalSection
	GlobalSection(ProjectConfigurationPlatforms) = postSolution
		{48006141-0F58-4A48-98C0-9792101A5883}.Debug|Any CPU.ActiveCfg = Debug|Any CPU
		{48006141-0F58-4A48-98C0-9792101A5883}.Debug|Any CPU.Build.0 = Debug|Any CPU
		{48006141-0F58-4A48-98C0-9792101A5883}.Release|Any CPU.ActiveCfg = Release|Any CPU
		{48006141-0F58-4A48-98C0-9792101A5883}.Release|Any CPU.Build.0 = Release|Any CPU
		{22CA4591-5FC5-4467-89ED-61929CD9E105}.Debug|Any CPU.ActiveCfg = Debug|Any CPU
		{22CA4591-5FC5-4467-89ED-61929CD9E105}.Debug|Any CPU.Build.0 = Debug|Any CPU
		{22CA4591-5FC5-4467-89ED-61929CD9E105}.Release|Any CPU.ActiveCfg = Release|Any CPU
		{22CA4591-5FC5-4467-89ED-61929CD9E105}.Release|Any CPU.Build.0 = Release|Any CPU
	EndGlobalSection
	GlobalSection(SolutionProperties) = preSolution
		HideSolutionNode = FALSE
	EndGlobalSection
	GlobalSection(ExtensibilityGlobals) = postSolution
		SolutionGuid = {28BE6A47-7951-48FA-B9DB-8BCF5B0124D7}
	EndGlobalSection
EndGlobal
